
Microsoft Visual Studio Solution File, Format Version 12.00
# Visual Studio Version 17
VisualStudioVersion = 17.8.34511.84
MinimumVisualStudioVersion = 10.0.40219.1
Project("{FAE04EC0-301F-11D3-BF4B-00C04F79EFBC}") = "SumCounter", "SumCounter\SumCounter.csproj", "{8EADF302-D966-4E15-94C9-9D0804006BA0}"
EndProject
Global
	GlobalSection(SolutionConfigurationPlatforms) = preSolution
		Debug|Any CPU = Debug|Any CPU
		Release|Any CPU = Release|Any CPU
	EndGlobalSection
	GlobalSection(ProjectConfigurationPlatforms) = postSolution
		{8EADF302-D966-4E15-94C9-9D0804006BA0}.Debug|Any CPU.ActiveCfg = Debug|Any CPU
		{8EADF302-D966-4E15-94C9-9D0804006BA0}.Debug|Any CPU.Build.0 = Debug|Any CPU
		{8EADF302-D966-4E15-94C9-9D0804006BA0}.Release|Any CPU.ActiveCfg = Release|Any CPU
		{8EADF302-D966-4E15-94C9-9D0804006BA0}.Release|Any CPU.Build.0 = Release|Any CPU
	EndGlobalSection
	GlobalSection(SolutionProperties) = preSolution
		HideSolutionNode = FALSE
	EndGlobalSection
	GlobalSection(ExtensibilityGlobals) = postSolution
		SolutionGuid = {ED372B85-B8A2-4CC6-B38C-54C92236BCB8}
	EndGlobalSection
EndGlobal
